{
  "name": "hello-express",
  "version": "0.0.1",
  "lockfileVersion": 1,
  "requires": true,
  "dependencies": {
    "accepts": {
      "version": "1.3.7",
      "resolved": "https://registry.npmjs.org/accepts/-/accepts-1.3.7.tgz",
      "integrity": "sha512-Il80Qs2WjYlJIBNzNkK6KYqlVMTbZLXgHx2oT0pU/fjRHyEp+PEfEPY0R3WCwAGVOtauxh1hOxNgIf5bv7dQpA==",
      "requires": {
        "mime-types": "~2.1.24",
        "negotiator": "0.6.2"
      }
    },
    "batch": {
      "version": "0.6.1",
      "resolved": "https://registry.npmjs.org/batch/-/batch-0.6.1.tgz",
      "integrity": "sha1-3DQxT05nkxgJP8dgJyUl+UvyXBY="
    },
    "debug": {
      "version": "2.6.9",
      "resolved": "https://registry.npmjs.org/debug/-/debug-2.6.9.tgz",
      "integrity": "sha512-bC7ElrdJaJnPbAP+1EotYvqZsb3ecl5wi6Bfi6BJTUcNowp6cvspg0jXznRTKDjm/E7AdgFBVeAPVMNcKGsHMA==",
      "requires": {
        "ms": "2.0.0"
      }
    },
    "depd": {
      "version": "1.1.2",
      "resolved": "https://registry.npmjs.org/depd/-/depd-1.1.2.tgz",
      "integrity": "sha1-m81S4UwJd2PnSbJ0xDRu0uVgtak="
    },
    "ejs": {
      "version": "3.0.2",
      "resolved": "https://registry.npmjs.org/ejs/-/ejs-3.0.2.tgz",
      "integrity": "sha512-IncmUpn1yN84hy2shb0POJ80FWrfGNY0cxO9f4v+/sG7qcBvAtVWUA1IdzY/8EYUmOVhoKJVdJjNd3AZcnxOjA=="
    },
    "escape-html": {
      "version": "1.0.3",
      "resolved": "https://registry.npmjs.org/escape-html/-/escape-html-1.0.3.tgz",
      "integrity": "sha1-Aljq5NPQwJdN4cFpGI7wBR0dGYg="
    },
    "express": {
      "version": "4.17.1",
      "requires": {
        "accepts": "~1.3.7",
        "array-flatten": "1.1.1",
        "body-parser": "1.19.0",
        "content-disposition": "0.5.3",
        "content-type": "~1.0.4",
        "cookie": "0.4.0",
        "cookie-signature": "1.0.6",
        "debug": "2.6.9",
        "depd": "~1.1.2",
        "encodeurl": "~1.0.2",
        "escape-html": "~1.0.3",
        "etag": "~1.8.1",
        "finalhandler": "~1.1.2",
        "fresh": "0.5.2",
        "merge-descriptors": "1.0.1",
        "methods": "~1.1.2",
        "on-finished": "~2.3.0",
        "parseurl": "~1.3.3",
        "path-to-regexp": "0.1.7",
        "proxy-addr": "~2.0.5",
        "qs": "6.7.0",
        "range-parser": "~1.2.1",
        "safe-buffer": "5.1.2",
        "send": "0.17.1",
        "serve-static": "1.14.1",
        "setprototypeof": "1.1.1",
        "statuses": "~1.5.0",
        "type-is": "~1.6.18",
        "utils-merge": "1.0.1",
        "vary": "~1.1.2"
      }
    },
    "http-errors": {
      "version": "1.6.3",
      "resolved": "https://registry.npmjs.org/http-errors/-/http-errors-1.6.3.tgz",
      "integrity": "sha1-i1VoC7S+KDoLW/TqLjhYC+HZMg0=",
      "requires": {
        "depd": "~1.1.2",
        "inherits": "2.0.3",
        "setprototypeof": "1.1.0",
        "statuses": ">= 1.4.0 < 2"
      }
    },
    "inherits": {
      "version": "2.0.3",
      "resolved": "https://registry.npmjs.org/inherits/-/inherits-2.0.3.tgz",
      "integrity": "sha1-Yzwsg+PaQqUC9SRmAiSA9CCCYd4="
    },
    "markdown-it": {
      "version": "10.0.0",
      "requires": {
        "argparse": "^1.0.7",
        "entities": "~2.0.0",
        "linkify-it": "^2.0.0",
        "mdurl": "^1.0.1",
        "uc.micro": "^1.0.5"
      }
    },
    "markdown-it-container": {
      "version": "2.0.0",
      "resolved": "https://registry.npmjs.org/markdown-it-container/-/markdown-it-container-2.0.0.tgz",
      "integrity": "sha1-ABm0P9Au7+zi8ZYKKJX7qBpARpU="
    },
    "markdown-it-inline-comments": {
      "version": "1.0.1",
      "resolved": "https://registry.npmjs.org/markdown-it-inline-comments/-/markdown-it-inline-comments-1.0.1.tgz",
      "integrity": "sha1-F26r5jGj4IElvXOVAPQ8UfUliW0="
    },
    "markdown-it-mark": {
      "version": "3.0.0",
      "resolved": "https://registry.npmjs.org/markdown-it-mark/-/markdown-it-mark-3.0.0.tgz",
      "integrity": "sha512-HqMWeKfMMOu4zBO0emmxsoMWmbf2cPKZY1wP6FsTbKmicFfp5y4L3KXAsNeO1rM6NTJVOrNlLKMPjWzriBGspw=="
    },
    "markdown-it-smartarrows": {
      "version": "1.0.1",
      "resolved": "https://registry.npmjs.org/markdown-it-smartarrows/-/markdown-it-smartarrows-1.0.1.tgz",
      "integrity": "sha1-tXDpwP+YEuDbas4Zr6W6ErZLuac="
    },
    "mime-db": {
      "version": "1.43.0",
      "resolved": "https://registry.npmjs.org/mime-db/-/mime-db-1.43.0.tgz",
      "integrity": "sha512-+5dsGEEovYbT8UY9yD7eE4XTc4UwJ1jBYlgaQQF38ENsKR3wj/8q8RFZrF9WIZpB2V1ArTVFUva8sAul1NzRzQ=="
    },
    "mime-types": {
      "version": "2.1.26",
      "resolved": "https://registry.npmjs.org/mime-types/-/mime-types-2.1.26.tgz",
      "integrity": "sha512-01paPWYgLrkqAyrlDorC1uDwl2p3qZT7yl806vW7DvDoxwXi46jsjFbg+WdwotBIk6/MbEhO/dh5aZ5sNj/dWQ==",
      "requires": {
        "mime-db": "1.43.0"
      }
    },
    "ms": {
      "version": "2.0.0",
      "resolved": "https://registry.npmjs.org/ms/-/ms-2.0.0.tgz",
      "integrity": "sha1-VgiurfwAvmwpAd9fmGF4jeDVl8g="
    },
    "negotiator": {
      "version": "0.6.2",
      "resolved": "https://registry.npmjs.org/negotiator/-/negotiator-0.6.2.tgz",
      "integrity": "sha512-hZXc7K2e+PgeI1eDBe/10Ard4ekbfrrqG8Ep+8Jmf4JID2bNg7NvCPOZN+kfF574pFQI7mum2AUqDidoKqcTOw=="
    },
    "node-add-to-calendar": {
      "version": "1.0.2",
      "resolved": "https://registry.npmjs.org/node-add-to-calendar/-/node-add-to-calendar-1.0.2.tgz",
      "integrity": "sha512-B/fykgrjNeoZ97ICi+lPa82lvI1Oinz0XzOTsQyxRO5OiridoabsWJn4J/zamEUENjkFCrYlQ7xMiEFFJ0KR2g==",
      "requires": {
        "ics": "^2.13.2",
        "moment": "^2.24.0"
      },
      "dependencies": {
        "@hapi/address": {
          "version": "2.1.4",
          "resolved": "https://registry.npmjs.org/@hapi/address/-/address-2.1.4.tgz",
          "integrity": "sha512-QD1PhQk+s31P1ixsX0H0Suoupp3VMXzIVMSwobR3F3MSUO2YCV0B7xqLcUw/Bh8yuvd3LhpyqLQWTNcRmp6IdQ=="
        },
        "@hapi/bourne": {
          "version": "1.3.2",
          "resolved": "https://registry.npmjs.org/@hapi/bourne/-/bourne-1.3.2.tgz",
          "integrity": "sha512-1dVNHT76Uu5N3eJNTYcvxee+jzX4Z9lfciqRRHCU27ihbUcYi+iSc2iml5Ke1LXe1SyJCLA0+14Jh4tXJgOppA=="
        },
        "@hapi/hoek": {
          "version": "8.5.1",
          "resolved": "https://registry.npmjs.org/@hapi/hoek/-/hoek-8.5.1.tgz",
          "integrity": "sha512-yN7kbciD87WzLGc5539Tn0sApjyiGHAJgKvG9W8C7O+6c7qmoQMfVs0W4bX17eqz6C78QJqqFrtgdK5EWf6Qow=="
        },
        "@hapi/joi": {
          "version": "15.1.1",
          "resolved": "https://registry.npmjs.org/@hapi/joi/-/joi-15.1.1.tgz",
          "integrity": "sha512-entf8ZMOK8sc+8YfeOlM8pCfg3b5+WZIKBfUaaJT8UsjAAPjartzxIYm3TIbjvA4u+u++KbcXD38k682nVHDAQ==",
          "requires": {
            "@hapi/address": "2.x.x",
            "@hapi/bourne": "1.x.x",
            "@hapi/hoek": "8.x.x",
            "@hapi/topo": "3.x.x"
          }
        },
        "@hapi/topo": {
          "version": "3.1.6",
          "resolved": "https://registry.npmjs.org/@hapi/topo/-/topo-3.1.6.tgz",
          "integrity": "sha512-tAag0jEcjwH+P2quUfipd7liWCNX2F8NvYjQp2wtInsZxnMlypdw0FtAOLxtvvkO+GSRRbmNi8m/5y42PQJYCQ==",
          "requires": {
            "@hapi/hoek": "^8.3.0"
          }
        },
        "ics": {
          "version": "2.19.0",
          "resolved": "https://registry.npmjs.org/ics/-/ics-2.19.0.tgz",
          "integrity": "sha512-5zNEg0CXXpTD+lTguIwQP9FQSLhH4GPprqUuj0/Cql9hTBIdj7md/azNiPbefppjpkpJ9Dp7y0GgCgueD2wu3w==",
          "requires": {
            "@hapi/joi": "^15.1.1",
            "lodash": "^4.17.15",
            "moment": "^2.24.0",
            "uuid": "^3.3.3"
          }
        },
        "lodash": {
          "version": "4.17.15",
          "resolved": "https://registry.npmjs.org/lodash/-/lodash-4.17.15.tgz",
          "integrity": "sha512-8xOcRHvCjnocdS5cpwXQXVzmmh5e5+saE2QGoeQmbKmRS6J3VQppPOIt0MnmE+4xlZoumy0GPG0D0MVIQbNA1A=="
        },
        "moment": {
          "version": "2.24.0",
          "resolved": "https://registry.npmjs.org/moment/-/moment-2.24.0.tgz",
          "integrity": "sha512-bV7f+6l2QigeBBZSM/6yTNq4P2fNpSWj/0e7jQcy87A8e7o2nAfP/34/2ky5Vw4B9S446EtIhodAzkFCcR4dQg=="
        },
        "uuid": {
          "version": "3.4.0",
          "resolved": "https://registry.npmjs.org/uuid/-/uuid-3.4.0.tgz",
          "integrity": "sha512-HjSDRw6gZE5JMggctHBcjVak08+KEVhSIiDzFnT9S9aegmp85S/bReBVTb4QTFaRNptJ9kuYaNhnbNEOkbKb/A=="
        }
      }
    },
    "parseurl": {
      "version": "1.3.3",
      "resolved": "https://registry.npmjs.org/parseurl/-/parseurl-1.3.3.tgz",
      "integrity": "sha512-CiyeOxFT/JZyN5m0z9PfXw4SCBJ6Sygz1Dpl0wqjlhDEGGBP1GnsUVEL0p63hoG1fcj3fHynXi9NYO4nWOL+qQ=="
    },
    "path": {
      "version": "0.12.7",
      "resolved": "https://registry.npmjs.org/path/-/path-0.12.7.tgz",
      "integrity": "sha1-1NwqUGxM4hl+tIHr/NWzbAFAsQ8=",
      "requires": {
        "process": "^0.11.1",
        "util": "^0.10.3"
      },
      "dependencies": {
        "inherits": {
          "version": "2.0.3",
          "resolved": "https://registry.npmjs.org/inherits/-/inherits-2.0.3.tgz",
          "integrity": "sha1-Yzwsg+PaQqUC9SRmAiSA9CCCYd4="
        },
        "process": {
          "version": "0.11.10",
          "resolved": "https://registry.npmjs.org/process/-/process-0.11.10.tgz",
          "integrity": "sha1-czIwDoQBYb2j5podHZGn1LwW8YI="
        },
        "util": {
          "version": "0.10.4",
          "resolved": "https://registry.npmjs.org/util/-/util-0.10.4.tgz",
          "integrity": "sha512-0Pm9hTQ3se5ll1XihRic3FDIku70C+iHUdT/W926rSgHV5QgXsYbKZN8MSC3tJtSkhuROzvsQjAaFENRXr+19A==",
          "requires": {
            "inherits": "2.0.3"
          }
        }
      }
    },
    "serve-index": {
      "version": "1.9.1",
      "resolved": "https://registry.npmjs.org/serve-index/-/serve-index-1.9.1.tgz",
      "integrity": "sha1-03aNabHn2C5c4FD/9bRTvqEqkjk=",
      "requires": {
        "accepts": "~1.3.4",
        "batch": "0.6.1",
        "debug": "2.6.9",
        "escape-html": "~1.0.3",
        "http-errors": "~1.6.2",
        "mime-types": "~2.1.17",
        "parseurl": "~1.3.2"
      }
    },
    "setprototypeof": {
      "version": "1.1.0",
      "resolved": "https://registry.npmjs.org/setprototypeof/-/setprototypeof-1.1.0.tgz",
      "integrity": "sha512-BvE/TwpZX4FXExxOxZyRGQQv651MSwmWKZGqvmPcRIjDqWub67kTKuIMx43cZZrS/cBBzwBcNDWoFxt2XEFIpQ=="
    },
    "statuses": {
      "version": "1.5.0",
      "resolved": "https://registry.npmjs.org/statuses/-/statuses-1.5.0.tgz",
      "integrity": "sha1-Fhx9rBd2Wf2YEfQ3cfqZOBR4Yow="
    }
  }
}
